// !$*UTF8*$!
{
	archiveVersion = 1;
	classes = {
	};
	objectVersion = 46;
	objects = {

/* Begin PBXBuildFile section */
		483D78501E51E6C50044C520 /* AppDelegate.swift in Sources */ = {isa = PBXBuildFile; fileRef = 483D784F1E51E6C50044C520 /* AppDelegate.swift */; };
		483D78521E51E6C50044C520 /* WeatherVC.swift in Sources */ = {isa = PBXBuildFile; fileRef = 483D78511E51E6C50044C520 /* WeatherVC.swift */; };
		483D78551E51E6C60044C520 /* Main.storyboard in Resources */ = {isa = PBXBuildFile; fileRef = 483D78531E51E6C60044C520 /* Main.storyboard */; };
		483D78571E51E6C60044C520 /* Assets.xcassets in Resources */ = {isa = PBXBuildFile; fileRef = 483D78561E51E6C60044C520 /* Assets.xcassets */; };
		483D785A1E51E6C60044C520 /* LaunchScreen.storyboard in Resources */ = {isa = PBXBuildFile; fileRef = 483D78581E51E6C60044C520 /* LaunchScreen.storyboard */; };
		484BCF7B1E6EFD9F00940C3F /* Constants.swift in Sources */ = {isa = PBXBuildFile; fileRef = 484BCF7A1E6EFD9F00940C3F /* Constants.swift */; };
		484BCF7D1E70462C00940C3F /* CurrentWeather.swift in Sources */ = {isa = PBXBuildFile; fileRef = 484BCF7C1E70462B00940C3F /* CurrentWeather.swift */; };
		485CA8AE1E7806C300BB5065 /* Forecast.swift in Sources */ = {isa = PBXBuildFile; fileRef = 485CA8AD1E7806C300BB5065 /* Forecast.swift */; };
		48B5235C1E8D35F400C50124 /* Location.swift in Sources */ = {isa = PBXBuildFile; fileRef = 48B5235B1E8D35F400C50124 /* Location.swift */; };
		48F46E141E8BDD3900FE89B9 /* WeatherCell.swift in Sources */ = {isa = PBXBuildFile; fileRef = 48F46E131E8BDD3900FE89B9 /* WeatherCell.swift */; };
		EBE2FCFBB148F6DD8D03A4A5 /* Pods_WeatherMan.framework in Frameworks */ = {isa = PBXBuildFile; fileRef = 213AC545A7507883DD34B27C /* Pods_WeatherMan.framework */; };
/* End PBXBuildFile section */

/* Begin PBXFileReference section */
		213AC545A7507883DD34B27C /* Pods_WeatherMan.framework */ = {isa = PBXFileReference; explicitFileType = wrapper.framework; includeInIndex = 0; path = Pods_WeatherMan.framework; sourceTree = BUILT_PRODUCTS_DIR; };
		483D784C1E51E6C50044C520 /* WeatherMan.app */ = {isa = PBXFileReference; explicitFileType = wrapper.application; includeInIndex = 0; path = WeatherMan.app; sourceTree = BUILT_PRODUCTS_DIR; };
		483D784F1E51E6C50044C520 /* AppDelegate.swift */ = {isa = PBXFileReference; lastKnownFileType = sourcecode.swift; path = AppDelegate.swift; sourceTree = "<group>"; };
		483D78511E51E6C50044C520 /* WeatherVC.swift */ = {isa = PBXFileReference; lastKnownFileType = sourcecode.swift; path = WeatherVC.swift; sourceTree = "<group>"; };
		483D78541E51E6C60044C520 /* Base */ = {isa = PBXFileReference; lastKnownFileType = file.storyboard; name = Base; path = Base.lproj/Main.storyboard; sourceTree = "<group>"; };
		483D78561E51E6C60044C520 /* Assets.xcassets */ = {isa = PBXFileReference; lastKnownFileType = folder.assetcatalog; path = Assets.xcassets; sourceTree = "<group>"; };
		483D78591E51E6C60044C520 /* Base */ = {isa = PBXFileReference; lastKnownFileType = file.storyboard; name = Base; path = Base.lproj/LaunchScreen.storyboard; sourceTree = "<group>"; };
		483D785B1E51E6C60044C520 /* Info.plist */ = {isa = PBXFileReference; lastKnownFileType = text.plist.xml; path = Info.plist; sourceTree = "<group>"; };
		484BCF7A1E6EFD9F00940C3F /* Constants.swift */ = {isa = PBXFileReference; fileEncoding = 4; lastKnownFileType = sourcecode.swift; path = Constants.swift; sourceTree = "<group>"; };
		484BCF7C1E70462B00940C3F /* CurrentWeather.swift */ = {isa = PBXFileReference; fileEncoding = 4; lastKnownFileType = sourcecode.swift; path = CurrentWeather.swift; sourceTree = "<group>"; };
		485CA8AD1E7806C300BB5065 /* Forecast.swift */ = {isa = PBXFileReference; fileEncoding = 4; lastKnownFileType = sourcecode.swift; path = Forecast.swift; sourceTree = "<group>"; };
		48B5235B1E8D35F400C50124 /* Location.swift */ = {isa = PBXFileReference; fileEncoding = 4; lastKnownFileType = sourcecode.swift; path = Location.swift; sourceTree = "<group>"; };
		48F46E131E8BDD3900FE89B9 /* WeatherCell.swift */ = {isa = PBXFileReference; fileEncoding = 4; lastKnownFileType = sourcecode.swift; path = WeatherCell.swift; sourceTree = "<group>"; };
		60EC2A085E233ADB727E9BE0 /* Pods-WeatherMan.debug.xcconfig */ = {isa = PBXFileReference; includeInIndex = 1; lastKnownFileType = text.xcconfig; name = "Pods-WeatherMan.debug.xcconfig"; path = "Pods/Target Support Files/Pods-WeatherMan/Pods-WeatherMan.debug.xcconfig"; sourceTree = "<group>"; };
		69D53654BC6BBB7F5D83F2B8 /* Pods-WeatherMan.release.xcconfig */ = {isa = PBXFileReference; includeInIndex = 1; lastKnownFileType = text.xcconfig; name = "Pods-WeatherMan.release.xcconfig"; path = "Pods/Target Support Files/Pods-WeatherMan/Pods-WeatherMan.release.xcconfig"; sourceTree = "<group>"; };
/* End PBXFileReference section */

/* Begin PBXFrameworksBuildPhase section */
		483D78491E51E6C50044C520 /* Frameworks */ = {
			isa = PBXFrameworksBuildPhase;
			buildActionMask = 2147483647;
			files = (
				EBE2FCFBB148F6DD8D03A4A5 /* Pods_WeatherMan.framework in Frameworks */,
			);
			runOnlyForDeploymentPostprocessing = 0;
		};
/* End PBXFrameworksBuildPhase section */

/* Begin PBXGroup section */
		1C94D85A6C60DFE1E1A6D927 /* Pods */ = {
			isa = PBXGroup;
			children = (
				60EC2A085E233ADB727E9BE0 /* Pods-WeatherMan.debug.xcconfig */,
				69D53654BC6BBB7F5D83F2B8 /* Pods-WeatherMan.release.xcconfig */,
			);
			name = Pods;
			sourceTree = "<group>";
		};
		483D78431E51E6C40044C520 = {
			isa = PBXGroup;
			children = (
				483D784E1E51E6C50044C520 /* WeatherMan */,
				483D784D1E51E6C50044C520 /* Products */,
				1C94D85A6C60DFE1E1A6D927 /* Pods */,
				777C233A3CCEAA8CD49A8337 /* Frameworks */,
			);
			sourceTree = "<group>";
		};
		483D784D1E51E6C50044C520 /* Products */ = {
			isa = PBXGroup;
			children = (
				483D784C1E51E6C50044C520 /* WeatherMan.app */,
			);
			name = Products;
			sourceTree = "<group>";
		};
		483D784E1E51E6C50044C520 /* WeatherMan */ = {
			isa = PBXGroup;
			children = (
				483D784F1E51E6C50044C520 /* AppDelegate.swift */,
				483D78511E51E6C50044C520 /* WeatherVC.swift */,
				483D78531E51E6C60044C520 /* Main.storyboard */,
				483D78561E51E6C60044C520 /* Assets.xcassets */,
				483D78581E51E6C60044C520 /* LaunchScreen.storyboard */,
				483D785B1E51E6C60044C520 /* Info.plist */,
				484BCF7A1E6EFD9F00940C3F /* Constants.swift */,
				484BCF7C1E70462B00940C3F /* CurrentWeather.swift */,
				485CA8AD1E7806C300BB5065 /* Forecast.swift */,
				48F46E131E8BDD3900FE89B9 /* WeatherCell.swift */,
				48B5235B1E8D35F400C50124 /* Location.swift */,
			);
			path = WeatherMan;
			sourceTree = "<group>";
		};
		777C233A3CCEAA8CD49A8337 /* Frameworks */ = {
			isa = PBXGroup;
			children = (
				213AC545A7507883DD34B27C /* Pods_WeatherMan.framework */,
			);
			name = Frameworks;
			sourceTree = "<group>";
		};
/* End PBXGroup section */

/* Begin PBXNativeTarget section */
		483D784B1E51E6C50044C520 /* WeatherMan */ = {
			isa = PBXNativeTarget;
			buildConfigurationList = 483D785E1E51E6C60044C520 /* Build configuration list for PBXNativeTarget "WeatherMan" */;
			buildPhases = (
				4FD02083EAA930BEB79D140B /* [CP] Check Pods Manifest.lock */,
				483D78481E51E6C50044C520 /* Sources */,
				483D78491E51E6C50044C520 /* Frameworks */,
				483D784A1E51E6C50044C520 /* Resources */,
				894ADEF147B817FDA9F97183 /* [CP] Embed Pods Frameworks */,
				C3FED9D3B35D5DBFDB3217A9 /* [CP] Copy Pods Resources */,
			);
			buildRules = (
			);
			dependencies = (
			);
			name = WeatherMan;
			productName = WeatherMan;
			productReference = 483D784C1E51E6C50044C520 /* WeatherMan.app */;
			productType = "com.apple.product-type.application";
		};
/* End PBXNativeTarget section */

/* Begin PBXProject section */
		483D78441E51E6C40044C520 /* Project object */ = {
			isa = PBXProject;
			attributes = {
				LastSwiftUpdateCheck = 0800;
				LastUpgradeCheck = 0800;
				ORGANIZATIONNAME = "Swapna Anandaraman";
				TargetAttributes = {
					483D784B1E51E6C50044C520 = {
						CreatedOnToolsVersion = 8.0;
						DevelopmentTeam = SE95PTXE2P;
						ProvisioningStyle = Automatic;
					};
				};
			};
			buildConfigurationList = 483D78471E51E6C40044C520 /* Build configuration list for PBXProject "WeatherMan" */;
			compatibilityVersion = "Xcode 3.2";
			developmentRegion = English;
			hasScannedForEncodings = 0;
			knownRegions = (
				en,
				Base,
			);
			mainGroup = 483D78431E51E6C40044C520;
			productRefGroup = 483D784D1E51E6C50044C520 /* Products */;
			projectDirPath = "";
			projectRoot = "";
			targets = (
				483D784B1E51E6C50044C520 /* WeatherMan */,
			);
		};
/* End PBXProject section */

/* Begin PBXResourcesBuildPhase section */
		483D784A1E51E6C50044C520 /* Resources */ = {
			isa = PBXResourcesBuildPhase;
			buildActionMask = 2147483647;
			files = (
				483D785A1E51E6C60044C520 /* LaunchScreen.storyboard in Resources */,
				483D78571E51E6C60044C520 /* Assets.xcassets in Resources */,
				483D78551E51E6C60044C520 /* Main.storyboard in Resources */,
			);
			runOnlyForDeploymentPostprocessing = 0;
		};
/* End PBXResourcesBuildPhase section */

/* Begin PBXShellScriptBuildPhase section */
		4FD02083EAA930BEB79D140B /* [CP] Check Pods Manifest.lock */ = {
			isa = PBXShellScriptBuildPhase;
			buildActionMask = 2147483647;
			files = (
			);
			inputPaths = (
			);
			name = "[CP] Check Pods Manifest.lock";
			outputPaths = (
			);
			runOnlyForDeploymentPostprocessing = 0;
			shellPath = /bin/sh;
			shellScript = "diff \"${PODS_ROOT}/../Podfile.lock\" \"${PODS_ROOT}/Manifest.lock\" > /dev/null\nif [ $? != 0 ] ; then\n    # print error to STDERR\n    echo \"error: The sandbox is not in sync with the Podfile.lock. Run 'pod install' or update your CocoaPods installation.\" >&2\n    exit 1\nfi\n";
			showEnvVarsInLog = 0;
		};
		894ADEF147B817FDA9F97183 /* [CP] Embed Pods Frameworks */ = {
			isa = PBXShellScriptBuildPhase;
			buildActionMask = 2147483647;
			files = (
			);
			inputPaths = (
			);
			name = "[CP] Embed Pods Frameworks";
			outputPaths = (
			);
			runOnlyForDeploymentPostprocessing = 0;
			shellPath = /bin/sh;
			shellScript = "\"${SRCROOT}/Pods/Target Support Files/Pods-WeatherMan/Pods-WeatherMan-frameworks.sh\"\n";
			showEnvVarsInLog = 0;
		};
		C3FED9D3B35D5DBFDB3217A9 /* [CP] Copy Pods Resources */ = {
			isa = PBXShellScriptBuildPhase;
			buildActionMask = 2147483647;
			files = (
			);
			inputPaths = (
			);
			name = "[CP] Copy Pods Resources";
			outputPaths = (
			);
			runOnlyForDeploymentPostprocessing = 0;
			shellPath = /bin/sh;
			shellScript = "\"${SRCROOT}/Pods/Target Support Files/Pods-WeatherMan/Pods-WeatherMan-resources.sh\"\n";
			showEnvVarsInLog = 0;
		};
/* End PBXShellScriptBuildPhase section */

/* Begin PBXSourcesBuildPhase section */
		483D78481E51E6C50044C520 /* Sources */ = {
			isa = PBXSourcesBuildPhase;
			buildActionMask = 2147483647;
			files = (
				483D78521E51E6C50044C520 /* WeatherVC.swift in Sources */,
				483D78501E51E6C50044C520 /* AppDelegate.swift in Sources */,
				48F46E141E8BDD3900FE89B9 /* WeatherCell.swift in Sources */,
				484BCF7D1E70462C00940C3F /* CurrentWeather.swift in Sources */,
				484BCF7B1E6EFD9F00940C3F /* Constants.swift in Sources */,
				485CA8AE1E7806C300BB5065 /* Forecast.swift in Sources */,
				48B5235C1E8D35F400C50124 /* Location.swift in Sources */,
			);
			runOnlyForDeploymentPostprocessing = 0;
		};
/* End PBXSourcesBuildPhase section */

/* Begin PBXVariantGroup section */
		483D78531E51E6C60044C520 /* Main.storyboard */ = {
			isa = PBXVariantGroup;
			children = (
				483D78541E51E6C60044C520 /* Base */,
			);
			name = Main.storyboard;
			sourceTree = "<group>";
		};
		483D78581E51E6C60044C520 /* LaunchScreen.storyboard */ = {
			isa = PBXVariantGroup;
			children = (
				483D78591E51E6C60044C520 /* Base */,
			);
			name = LaunchScreen.storyboard;
			sourceTree = "<group>";
		};
/* End PBXVariantGroup section */

/* Begin XCBuildConfiguration section */
		483D785C1E51E6C60044C520 /* Debug */ = {
			isa = XCBuildConfiguration;
			buildSettings = {
				ALWAYS_SEARCH_USER_PATHS = NO;
				CLANG_ANALYZER_NONNULL = YES;
				CLANG_CXX_LANGUAGE_STANDARD = "gnu++0x";
				CLANG_CXX_LIBRARY = "libc++";
				CLANG_ENABLE_MODULES = YES;
				CLANG_ENABLE_OBJC_ARC = YES;
				CLANG_WARN_BOOL_CONVERSION = YES;
				CLANG_WARN_CONSTANT_CONVERSION = YES;
				CLANG_WARN_DIRECT_OBJC_ISA_USAGE = YES_ERROR;
				CLANG_WARN_DOCUMENTATION_COMMENTS = YES;
				CLANG_WARN_EMPTY_BODY = YES;
				CLANG_WARN_ENUM_CONVERSION = YES;
				CLANG_WARN_INFINITE_RECURSION = YES;
				CLANG_WARN_INT_CONVERSION = YES;
				CLANG_WARN_OBJC_ROOT_CLASS = YES_ERROR;
				CLANG_WARN_SUSPICIOUS_MOVES = YES;
				CLANG_WARN_UNREACHABLE_CODE = YES;
				CLANG_WARN__DUPLICATE_METHOD_MATCH = YES;
				"CODE_SIGN_IDENTITY[sdk=iphoneos*]" = "iPhone Developer";
				COPY_PHASE_STRIP = NO;
				DEBUG_INFORMATION_FORMAT = dwarf;
				ENABLE_STRICT_OBJC_MSGSEND = YES;
				ENABLE_TESTABILITY = YES;
				GCC_C_LANGUAGE_STANDARD = gnu99;
				GCC_DYNAMIC_NO_PIC = NO;
				GCC_NO_COMMON_BLOCKS = YES;
				GCC_OPTIMIZATION_LEVEL = 0;
				GCC_PREPROCESSOR_DEFINITIONS = (
					"DEBUG=1",
					"$(inherited)",
				);
				GCC_WARN_64_TO_32_BIT_CONVERSION = YES;
				GCC_WARN_ABOUT_RETURN_TYPE = YES_ERROR;
				GCC_WARN_UNDECLARED_SELECTOR = YES;
				GCC_WARN_UNINITIALIZED_AUTOS = YES_AGGRESSIVE;
				GCC_WARN_UNUSED_FUNCTION = YES;
				GCC_WARN_UNUSED_VARIABLE = YES;
				IPHONEOS_DEPLOYMENT_TARGET = 10.0;
				MTL_ENABLE_DEBUG_INFO = YES;
				ONLY_ACTIVE_ARCH = YES;
				SDKROOT = iphoneos;
				SWIFT_ACTIVE_COMPILATION_CONDITIONS = DEBUG;
				SWIFT_OPTIMIZATION_LEVEL = "-Onone";
				TARGETED_DEVICE_FAMILY = "1,2";
			};
			name = Debug;
		};
		483D785D1E51E6C60044C520 /* Release */ = {
			isa = XCBuildConfiguration;
			buildSettings = {
				ALWAYS_SEARCH_USER_PATHS = NO;
				CLANG_ANALYZER_NONNULL = YES;
				CLANG_CXX_LANGUAGE_STANDARD = "gnu++0x";
				CLANG_CXX_LIBRARY = "libc++";
				CLANG_ENABLE_MODULES = YES;
				CLANG_ENABLE_OBJC_ARC = YES;
				CLANG_WARN_BOOL_CONVERSION = YES;
				CLANG_WARN_CONSTANT_CONVERSION = YES;
				CLANG_WARN_DIRECT_OBJC_ISA_USAGE = YES_ERROR;
				CLANG_WARN_DOCUMENTATION_COMMENTS = YES;
				CLANG_WARN_EMPTY_BODY = YES;
				CLANG_WARN_ENUM_CONVERSION = YES;
				CLANG_WARN_INFINITE_RECURSION = YES;
				CLANG_WARN_INT_CONVERSION = YES;
				CLANG_WARN_OBJC_ROOT_CLASS = YES_ERROR;
				CLANG_WARN_SUSPICIOUS_MOVES = YES;
				CLANG_WARN_UNREACHABLE_CODE = YES;
				CLANG_WARN__DUPLICATE_METHOD_MATCH = YES;
				"CODE_SIGN_IDENTITY[sdk=iphoneos*]" = "iPhone Developer";
				COPY_PHASE_STRIP = NO;
				DEBUG_INFORMATION_FORMAT = "dwarf-with-dsym";
				ENABLE_NS_ASSERTIONS = NO;
				ENABLE_STRICT_OBJC_MSGSEND = YES;
				GCC_C_LANGUAGE_STANDARD = gnu99;
				GCC_NO_COMMON_BLOCKS = YES;
				GCC_WARN_64_TO_32_BIT_CONVERSION = YES;
				GCC_WARN_ABOUT_RETURN_TYPE = YES_ERROR;
				GCC_WARN_UNDECLARED_SELECTOR = YES;
				GCC_WARN_UNINITIALIZED_AUTOS = YES_AGGRESSIVE;
				GCC_WARN_UNUSED_FUNCTION = YES;
				GCC_WARN_UNUSED_VARIABLE = YES;
				IPHONEOS_DEPLOYMENT_TARGET = 10.0;
				MTL_ENABLE_DEBUG_INFO = NO;
				SDKROOT = iphoneos;
				SWIFT_OPTIMIZATION_LEVEL = "-Owholemodule";
				TARGETED_DEVICE_FAMILY = "1,2";
				VALIDATE_PRODUCT = YES;
			};
			name = Release;
		};
		483D785F1E51E6C60044C520 /* Debug */ = {
			isa = XCBuildConfiguration;
			baseConfigurationReference = 60EC2A085E233ADB727E9BE0 /* Pods-WeatherMan.debug.xcconfig */;
			buildSettings = {
				ASSETCATALOG_COMPILER_APPICON_NAME = AppIcon;
				"CODE_SIGN_IDENTITY[sdk=iphoneos*]" = "iPhone Developer";
				DEVELOPMENT_TEAM = SE95PTXE2P;
				INFOPLIST_FILE = WeatherMan/Info.plist;
				LD_RUNPATH_SEARCH_PATHS = "$(inherited) @executable_path/Frameworks";
				PRODUCT_BUNDLE_IDENTIFIER = com.lucidapps.weatherman;
				PRODUCT_NAME = "$(TARGET_NAME)";
				SWIFT_VERSION = 3.0;
				TARGETED_DEVICE_FAMILY = 1;
			};
			name = Debug;
		};
		483D78601E51E6C60044C520 /* Release */ = {
			isa = XCBuildConfiguration;
			baseConfigurationReference = 69D53654BC6BBB7F5D83F2B8 /* Pods-WeatherMan.release.xcconfig */;
			buildSettings = {
				ASSETCATALOG_COMPILER_APPICON_NAME = AppIcon;
				"CODE_SIGN_IDENTITY[sdk=iphoneos*]" = "iPhone Developer";
				DEVELOPMENT_TEAM = SE95PTXE2P;
				INFOPLIST_FILE = WeatherMan/Info.plist;
				LD_RUNPATH_SEARCH_PATHS = "$(inherited) @executable_path/Frameworks";
				PRODUCT_BUNDLE_IDENTIFIER = com.lucidapps.weatherman;
				PRODUCT_NAME = "$(TARGET_NAME)";
				SWIFT_VERSION = 3.0;
				TARGETED_DEVICE_FAMILY = 1;
			};
			name = Release;
		};
/* End XCBuildConfiguration section */

/* Begin XCConfigurationList section */
		483D78471E51E6C40044C520 /* Build configuration list for PBXProject "WeatherMan" */ = {
			isa = XCConfigurationList;
			buildConfigurations = (
				483D785C1E51E6C60044C520 /* Debug */,
				483D785D1E51E6C60044C520 /* Release */,
			);
			defaultConfigurationIsVisible = 0;
			defaultConfigurationName = Release;
		};
		483D785E1E51E6C60044C520 /* Build configuration list for PBXNativeTarget "WeatherMan" */ = {
			isa = XCConfigurationList;
			buildConfigurations = (
				483D785F1E51E6C60044C520 /* Debug */,
				483D78601E51E6C60044C520 /* Release */,
			);
			defaultConfigurationIsVisible = 0;
			defaultConfigurationName = Release;
		};
/* End XCConfigurationList section */
	};
	rootObject = 483D78441E51E6C40044C520 /* Project object */;
}
